
Microsoft Visual Studio Solution File, Format Version 12.00
# Visual Studio 15
VisualStudioVersion = 15.0.26730.3
MinimumVisualStudioVersion = 10.0.40219.1
Project("{D954291E-2A0B-460D-934E-DC6B0785DB48}") = "KnoWhere", "KnoWhere\KnoWhere\KnoWhere.shproj", "{DD4AF4E1-2870-4228-B7CF-758E86DA87C4}"
EndProject
Project("{FAE04EC0-301F-11D3-BF4B-00C04F79EFBC}") = "KnoWhere.Android", "KnoWhere\KnoWhere.Android\KnoWhere.Android.csproj", "{D72C420B-2DD2-476A-8340-4859A330D7BE}"
EndProject
Project("{FAE04EC0-301F-11D3-BF4B-00C04F79EFBC}") = "KnoWhere.iOS", "KnoWhere\KnoWhere.iOS\KnoWhere.iOS.csproj", "{0F0EDD6E-64F0-4663-8853-3311F53CB4EE}"
EndProject
Project("{9A19103F-16F7-4668-BE54-9A1E7A4F7556}") = "KnoWhere.API", "KnoWhere.API\KnoWhere.API.csproj", "{FA8DA453-63BB-4094-8C0A-C36606583DA0}"
EndProject
Project("{FAE04EC0-301F-11D3-BF4B-00C04F79EFBC}") = "KnoWhere.API.Core", "KnoWhere.API.Core\KnoWhere.API.Core.csproj", "{CBA0912E-A2F2-4219-A4B2-81926126351F}"
EndProject
Project("{FAE04EC0-301F-11D3-BF4B-00C04F79EFBC}") = "Communication", "Communication\Communication.csproj", "{7EB0F1CE-4A31-4623-80C1-3DDA1D041B4F}"
EndProject
Project("{FAE04EC0-301F-11D3-BF4B-00C04F79EFBC}") = "KnoWhere.API.Data", "KnoWhere.API.Data\KnoWhere.API.Data.csproj", "{A3D80254-E3AC-4180-AC3A-D0C38A99928A}"
EndProject
Global
	GlobalSection(SharedMSBuildProjectFiles) = preSolution
		KnoWhere\KnoWhere\KnoWhere.projitems*{0f0edd6e-64f0-4663-8853-3311f53cb4ee}*SharedItemsImports = 4
		KnoWhere\KnoWhere\KnoWhere.projitems*{d72c420b-2dd2-476a-8340-4859a330d7be}*SharedItemsImports = 4
		KnoWhere\KnoWhere\KnoWhere.projitems*{dd4af4e1-2870-4228-b7cf-758e86da87c4}*SharedItemsImports = 13
	EndGlobalSection
	GlobalSection(SolutionConfigurationPlatforms) = preSolution
		Ad-Hoc|Any CPU = Ad-Hoc|Any CPU
		Ad-Hoc|iPhone = Ad-Hoc|iPhone
		Ad-Hoc|iPhoneSimulator = Ad-Hoc|iPhoneSimulator
		AppStore|Any CPU = AppStore|Any CPU
		AppStore|iPhone = AppStore|iPhone
		AppStore|iPhoneSimulator = AppStore|iPhoneSimulator
		Debug|Any CPU = Debug|Any CPU
		Debug|iPhone = Debug|iPhone
		Debug|iPhoneSimulator = Debug|iPhoneSimulator
		Release|Any CPU = Release|Any CPU
		Release|iPhone = Release|iPhone
		Release|iPhoneSimulator = Release|iPhoneSimulator
	EndGlobalSection
	GlobalSection(ProjectConfigurationPlatforms) = postSolution
		{D72C420B-2DD2-476A-8340-4859A330D7BE}.Ad-Hoc|Any CPU.ActiveCfg = Release|Any CPU
		{D72C420B-2DD2-476A-8340-4859A330D7BE}.Ad-Hoc|Any CPU.Build.0 = Release|Any CPU
		{D72C420B-2DD2-476A-8340-4859A330D7BE}.Ad-Hoc|Any CPU.Deploy.0 = Release|Any CPU
		{D72C420B-2DD2-476A-8340-4859A330D7BE}.Ad-Hoc|iPhone.ActiveCfg = Release|Any CPU
		{D72C420B-2DD2-476A-8340-4859A330D7BE}.Ad-Hoc|iPhone.Build.0 = Release|Any CPU
		{D72C420B-2DD2-476A-8340-4859A330D7BE}.Ad-Hoc|iPhone.Deploy.0 = Release|Any CPU
		{D72C420B-2DD2-476A-8340-4859A330D7BE}.Ad-Hoc|iPhoneSimulator.ActiveCfg = Release|Any CPU
		{D72C420B-2DD2-476A-8340-4859A330D7BE}.Ad-Hoc|iPhoneSimulator.Build.0 = Release|Any CPU
		{D72C420B-2DD2-476A-8340-4859A330D7BE}.Ad-Hoc|iPhoneSimulator.Deploy.0 = Release|Any CPU
		{D72C420B-2DD2-476A-8340-4859A330D7BE}.AppStore|Any CPU.ActiveCfg = Release|Any CPU
		{D72C420B-2DD2-476A-8340-4859A330D7BE}.AppStore|Any CPU.Build.0 = Release|Any CPU
		{D72C420B-2DD2-476A-8340-4859A330D7BE}.AppStore|Any CPU.Deploy.0 = Release|Any CPU
		{D72C420B-2DD2-476A-8340-4859A330D7BE}.AppStore|iPhone.ActiveCfg = Release|Any CPU
		{D72C420B-2DD2-476A-8340-4859A330D7BE}.AppStore|iPhone.Build.0 = Release|Any CPU
		{D72C420B-2DD2-476A-8340-4859A330D7BE}.AppStore|iPhone.Deploy.0 = Release|Any CPU
		{D72C420B-2DD2-476A-8340-4859A330D7BE}.AppStore|iPhoneSimulator.ActiveCfg = Release|Any CPU
		{D72C420B-2DD2-476A-8340-4859A330D7BE}.AppStore|iPhoneSimulator.Build.0 = Release|Any CPU
		{D72C420B-2DD2-476A-8340-4859A330D7BE}.AppStore|iPhoneSimulator.Deploy.0 = Release|Any CPU
		{D72C420B-2DD2-476A-8340-4859A330D7BE}.Debug|Any CPU.ActiveCfg = Debug|Any CPU
		{D72C420B-2DD2-476A-8340-4859A330D7BE}.Debug|Any CPU.Build.0 = Debug|Any CPU
		{D72C420B-2DD2-476A-8340-4859A330D7BE}.Debug|Any CPU.Deploy.0 = Debug|Any CPU
		{D72C420B-2DD2-476A-8340-4859A330D7BE}.Debug|iPhone.ActiveCfg = Debug|Any CPU
		{D72C420B-2DD2-476A-8340-4859A330D7BE}.Debug|iPhone.Build.0 = Debug|Any CPU
		{D72C420B-2DD2-476A-8340-4859A330D7BE}.Debug|iPhone.Deploy.0 = Debug|Any CPU
		{D72C420B-2DD2-476A-8340-4859A330D7BE}.Debug|iPhoneSimulator.ActiveCfg = Debug|Any CPU
		{D72C420B-2DD2-476A-8340-4859A330D7BE}.Debug|iPhoneSimulator.Build.0 = Debug|Any CPU
		{D72C420B-2DD2-476A-8340-4859A330D7BE}.Debug|iPhoneSimulator.Deploy.0 = Debug|Any CPU
		{D72C420B-2DD2-476A-8340-4859A330D7BE}.Release|Any CPU.ActiveCfg = Release|Any CPU
		{D72C420B-2DD2-476A-8340-4859A330D7BE}.Release|Any CPU.Build.0 = Release|Any CPU
		{D72C420B-2DD2-476A-8340-4859A330D7BE}.Release|Any CPU.Deploy.0 = Release|Any CPU
		{D72C420B-2DD2-476A-8340-4859A330D7BE}.Release|iPhone.ActiveCfg = Release|Any CPU
		{D72C420B-2DD2-476A-8340-4859A330D7BE}.Release|iPhone.Build.0 = Release|Any CPU
		{D72C420B-2DD2-476A-8340-4859A330D7BE}.Release|iPhone.Deploy.0 = Release|Any CPU
		{D72C420B-2DD2-476A-8340-4859A330D7BE}.Release|iPhoneSimulator.ActiveCfg = Release|Any CPU
		{D72C420B-2DD2-476A-8340-4859A330D7BE}.Release|iPhoneSimulator.Build.0 = Release|Any CPU
		{D72C420B-2DD2-476A-8340-4859A330D7BE}.Release|iPhoneSimulator.Deploy.0 = Release|Any CPU
		{0F0EDD6E-64F0-4663-8853-3311F53CB4EE}.Ad-Hoc|Any CPU.ActiveCfg = Ad-Hoc|iPhone
		{0F0EDD6E-64F0-4663-8853-3311F53CB4EE}.Ad-Hoc|iPhone.ActiveCfg = Ad-Hoc|iPhone
		{0F0EDD6E-64F0-4663-8853-3311F53CB4EE}.Ad-Hoc|iPhone.Build.0 = Ad-Hoc|iPhone
		{0F0EDD6E-64F0-4663-8853-3311F53CB4EE}.Ad-Hoc|iPhoneSimulator.ActiveCfg = Ad-Hoc|iPhoneSimulator
		{0F0EDD6E-64F0-4663-8853-3311F53CB4EE}.Ad-Hoc|iPhoneSimulator.Build.0 = Ad-Hoc|iPhoneSimulator
		{0F0EDD6E-64F0-4663-8853-3311F53CB4EE}.AppStore|Any CPU.ActiveCfg = AppStore|iPhone
		{0F0EDD6E-64F0-4663-8853-3311F53CB4EE}.AppStore|iPhone.ActiveCfg = AppStore|iPhone
		{0F0EDD6E-64F0-4663-8853-3311F53CB4EE}.AppStore|iPhone.Build.0 = AppStore|iPhone
		{0F0EDD6E-64F0-4663-8853-3311F53CB4EE}.AppStore|iPhoneSimulator.ActiveCfg = AppStore|iPhoneSimulator
		{0F0EDD6E-64F0-4663-8853-3311F53CB4EE}.AppStore|iPhoneSimulator.Build.0 = AppStore|iPhoneSimulator
		{0F0EDD6E-64F0-4663-8853-3311F53CB4EE}.Debug|Any CPU.ActiveCfg = Debug|iPhone
		{0F0EDD6E-64F0-4663-8853-3311F53CB4EE}.Debug|iPhone.ActiveCfg = Debug|iPhone
		{0F0EDD6E-64F0-4663-8853-3311F53CB4EE}.Debug|iPhone.Build.0 = Debug|iPhone
		{0F0EDD6E-64F0-4663-8853-3311F53CB4EE}.Debug|iPhoneSimulator.ActiveCfg = Debug|iPhoneSimulator
		{0F0EDD6E-64F0-4663-8853-3311F53CB4EE}.Debug|iPhoneSimulator.Build.0 = Debug|iPhoneSimulator
		{0F0EDD6E-64F0-4663-8853-3311F53CB4EE}.Release|Any CPU.ActiveCfg = Release|iPhone
		{0F0EDD6E-64F0-4663-8853-3311F53CB4EE}.Release|iPhone.ActiveCfg = Release|iPhone
		{0F0EDD6E-64F0-4663-8853-3311F53CB4EE}.Release|iPhone.Build.0 = Release|iPhone
		{0F0EDD6E-64F0-4663-8853-3311F53CB4EE}.Release|iPhoneSimulator.ActiveCfg = Release|iPhoneSimulator
		{0F0EDD6E-64F0-4663-8853-3311F53CB4EE}.Release|iPhoneSimulator.Build.0 = Release|iPhoneSimulator
		{FA8DA453-63BB-4094-8C0A-C36606583DA0}.Ad-Hoc|Any CPU.ActiveCfg = Debug|Any CPU
		{FA8DA453-63BB-4094-8C0A-C36606583DA0}.Ad-Hoc|Any CPU.Build.0 = Debug|Any CPU
		{FA8DA453-63BB-4094-8C0A-C36606583DA0}.Ad-Hoc|iPhone.ActiveCfg = Debug|Any CPU
		{FA8DA453-63BB-4094-8C0A-C36606583DA0}.Ad-Hoc|iPhone.Build.0 = Debug|Any CPU
		{FA8DA453-63BB-4094-8C0A-C36606583DA0}.Ad-Hoc|iPhoneSimulator.ActiveCfg = Debug|Any CPU
		{FA8DA453-63BB-4094-8C0A-C36606583DA0}.Ad-Hoc|iPhoneSimulator.Build.0 = Debug|Any CPU
		{FA8DA453-63BB-4094-8C0A-C36606583DA0}.AppStore|Any CPU.ActiveCfg = Debug|Any CPU
		{FA8DA453-63BB-4094-8C0A-C36606583DA0}.AppStore|Any CPU.Build.0 = Debug|Any CPU
		{FA8DA453-63BB-4094-8C0A-C36606583DA0}.AppStore|iPhone.ActiveCfg = Debug|Any CPU
		{FA8DA453-63BB-4094-8C0A-C36606583DA0}.AppStore|iPhone.Build.0 = Debug|Any CPU
		{FA8DA453-63BB-4094-8C0A-C36606583DA0}.AppStore|iPhoneSimulator.ActiveCfg = Debug|Any CPU
		{FA8DA453-63BB-4094-8C0A-C36606583DA0}.AppStore|iPhoneSimulator.Build.0 = Debug|Any CPU
		{FA8DA453-63BB-4094-8C0A-C36606583DA0}.Debug|Any CPU.ActiveCfg = Debug|Any CPU
		{FA8DA453-63BB-4094-8C0A-C36606583DA0}.Debug|Any CPU.Build.0 = Debug|Any CPU
		{FA8DA453-63BB-4094-8C0A-C36606583DA0}.Debug|iPhone.ActiveCfg = Debug|Any CPU
		{FA8DA453-63BB-4094-8C0A-C36606583DA0}.Debug|iPhone.Build.0 = Debug|Any CPU
		{FA8DA453-63BB-4094-8C0A-C36606583DA0}.Debug|iPhoneSimulator.ActiveCfg = Debug|Any CPU
		{FA8DA453-63BB-4094-8C0A-C36606583DA0}.Debug|iPhoneSimulator.Build.0 = Debug|Any CPU
		{FA8DA453-63BB-4094-8C0A-C36606583DA0}.Release|Any CPU.ActiveCfg = Release|Any CPU
		{FA8DA453-63BB-4094-8C0A-C36606583DA0}.Release|Any CPU.Build.0 = Release|Any CPU
		{FA8DA453-63BB-4094-8C0A-C36606583DA0}.Release|iPhone.ActiveCfg = Release|Any CPU
		{FA8DA453-63BB-4094-8C0A-C36606583DA0}.Release|iPhone.Build.0 = Release|Any CPU
		{FA8DA453-63BB-4094-8C0A-C36606583DA0}.Release|iPhoneSimulator.ActiveCfg = Release|Any CPU
		{FA8DA453-63BB-4094-8C0A-C36606583DA0}.Release|iPhoneSimulator.Build.0 = Release|Any CPU
		{CBA0912E-A2F2-4219-A4B2-81926126351F}.Ad-Hoc|Any CPU.ActiveCfg = Release|Any CPU
		{CBA0912E-A2F2-4219-A4B2-81926126351F}.Ad-Hoc|Any CPU.Build.0 = Release|Any CPU
		{CBA0912E-A2F2-4219-A4B2-81926126351F}.Ad-Hoc|iPhone.ActiveCfg = Release|Any CPU
		{CBA0912E-A2F2-4219-A4B2-81926126351F}.Ad-Hoc|iPhone.Build.0 = Release|Any CPU
		{CBA0912E-A2F2-4219-A4B2-81926126351F}.Ad-Hoc|iPhoneSimulator.ActiveCfg = Release|Any CPU
		{CBA0912E-A2F2-4219-A4B2-81926126351F}.Ad-Hoc|iPhoneSimulator.Build.0 = Release|Any CPU
		{CBA0912E-A2F2-4219-A4B2-81926126351F}.AppStore|Any CPU.ActiveCfg = Release|Any CPU
		{CBA0912E-A2F2-4219-A4B2-81926126351F}.AppStore|Any CPU.Build.0 = Release|Any CPU
		{CBA0912E-A2F2-4219-A4B2-81926126351F}.AppStore|iPhone.ActiveCfg = Release|Any CPU
		{CBA0912E-A2F2-4219-A4B2-81926126351F}.AppStore|iPhone.Build.0 = Release|Any CPU
		{CBA0912E-A2F2-4219-A4B2-81926126351F}.AppStore|iPhoneSimulator.ActiveCfg = Release|Any CPU
		{CBA0912E-A2F2-4219-A4B2-81926126351F}.AppStore|iPhoneSimulator.Build.0 = Release|Any CPU
		{CBA0912E-A2F2-4219-A4B2-81926126351F}.Debug|Any CPU.ActiveCfg = Debug|Any CPU
		{CBA0912E-A2F2-4219-A4B2-81926126351F}.Debug|Any CPU.Build.0 = Debug|Any CPU
		{CBA0912E-A2F2-4219-A4B2-81926126351F}.Debug|iPhone.ActiveCfg = Debug|Any CPU
		{CBA0912E-A2F2-4219-A4B2-81926126351F}.Debug|iPhone.Build.0 = Debug|Any CPU
		{CBA0912E-A2F2-4219-A4B2-81926126351F}.Debug|iPhoneSimulator.ActiveCfg = Debug|Any CPU
		{CBA0912E-A2F2-4219-A4B2-81926126351F}.Debug|iPhoneSimulator.Build.0 = Debug|Any CPU
		{CBA0912E-A2F2-4219-A4B2-81926126351F}.Release|Any CPU.ActiveCfg = Release|Any CPU
		{CBA0912E-A2F2-4219-A4B2-81926126351F}.Release|Any CPU.Build.0 = Release|Any CPU
		{CBA0912E-A2F2-4219-A4B2-81926126351F}.Release|iPhone.ActiveCfg = Release|Any CPU
		{CBA0912E-A2F2-4219-A4B2-81926126351F}.Release|iPhone.Build.0 = Release|Any CPU
		{CBA0912E-A2F2-4219-A4B2-81926126351F}.Release|iPhoneSimulator.ActiveCfg = Release|Any CPU
		{CBA0912E-A2F2-4219-A4B2-81926126351F}.Release|iPhoneSimulator.Build.0 = Release|Any CPU
		{7EB0F1CE-4A31-4623-80C1-3DDA1D041B4F}.Ad-Hoc|Any CPU.ActiveCfg = Release|Any CPU
		{7EB0F1CE-4A31-4623-80C1-3DDA1D041B4F}.Ad-Hoc|Any CPU.Build.0 = Release|Any CPU
		{7EB0F1CE-4A31-4623-80C1-3DDA1D041B4F}.Ad-Hoc|iPhone.ActiveCfg = Release|Any CPU
		{7EB0F1CE-4A31-4623-80C1-3DDA1D041B4F}.Ad-Hoc|iPhone.Build.0 = Release|Any CPU
		{7EB0F1CE-4A31-4623-80C1-3DDA1D041B4F}.Ad-Hoc|iPhoneSimulator.ActiveCfg = Release|Any CPU
		{7EB0F1CE-4A31-4623-80C1-3DDA1D041B4F}.Ad-Hoc|iPhoneSimulator.Build.0 = Release|Any CPU
		{7EB0F1CE-4A31-4623-80C1-3DDA1D041B4F}.AppStore|Any CPU.ActiveCfg = Release|Any CPU
		{7EB0F1CE-4A31-4623-80C1-3DDA1D041B4F}.AppStore|Any CPU.Build.0 = Release|Any CPU
		{7EB0F1CE-4A31-4623-80C1-3DDA1D041B4F}.AppStore|iPhone.ActiveCfg = Release|Any CPU
		{7EB0F1CE-4A31-4623-80C1-3DDA1D041B4F}.AppStore|iPhone.Build.0 = Release|Any CPU
		{7EB0F1CE-4A31-4623-80C1-3DDA1D041B4F}.AppStore|iPhoneSimulator.ActiveCfg = Release|Any CPU
		{7EB0F1CE-4A31-4623-80C1-3DDA1D041B4F}.AppStore|iPhoneSimulator.Build.0 = Release|Any CPU
		{7EB0F1CE-4A31-4623-80C1-3DDA1D041B4F}.Debug|Any CPU.ActiveCfg = Debug|Any CPU
		{7EB0F1CE-4A31-4623-80C1-3DDA1D041B4F}.Debug|Any CPU.Build.0 = Debug|Any CPU
		{7EB0F1CE-4A31-4623-80C1-3DDA1D041B4F}.Debug|iPhone.ActiveCfg = Debug|Any CPU
		{7EB0F1CE-4A31-4623-80C1-3DDA1D041B4F}.Debug|iPhone.Build.0 = Debug|Any CPU
		{7EB0F1CE-4A31-4623-80C1-3DDA1D041B4F}.Debug|iPhoneSimulator.ActiveCfg = Debug|Any CPU
		{7EB0F1CE-4A31-4623-80C1-3DDA1D041B4F}.Debug|iPhoneSimulator.Build.0 = Debug|Any CPU
		{7EB0F1CE-4A31-4623-80C1-3DDA1D041B4F}.Release|Any CPU.ActiveCfg = Release|Any CPU
		{7EB0F1CE-4A31-4623-80C1-3DDA1D041B4F}.Release|Any CPU.Build.0 = Release|Any CPU
		{7EB0F1CE-4A31-4623-80C1-3DDA1D041B4F}.Release|iPhone.ActiveCfg = Release|Any CPU
		{7EB0F1CE-4A31-4623-80C1-3DDA1D041B4F}.Release|iPhone.Build.0 = Release|Any CPU
		{7EB0F1CE-4A31-4623-80C1-3DDA1D041B4F}.Release|iPhoneSimulator.ActiveCfg = Release|Any CPU
		{7EB0F1CE-4A31-4623-80C1-3DDA1D041B4F}.Release|iPhoneSimulator.Build.0 = Release|Any CPU
		{A3D80254-E3AC-4180-AC3A-D0C38A99928A}.Ad-Hoc|Any CPU.ActiveCfg = Release|Any CPU
		{A3D80254-E3AC-4180-AC3A-D0C38A99928A}.Ad-Hoc|Any CPU.Build.0 = Release|Any CPU
		{A3D80254-E3AC-4180-AC3A-D0C38A99928A}.Ad-Hoc|iPhone.ActiveCfg = Release|Any CPU
		{A3D80254-E3AC-4180-AC3A-D0C38A99928A}.Ad-Hoc|iPhone.Build.0 = Release|Any CPU
		{A3D80254-E3AC-4180-AC3A-D0C38A99928A}.Ad-Hoc|iPhoneSimulator.ActiveCfg = Release|Any CPU
		{A3D80254-E3AC-4180-AC3A-D0C38A99928A}.Ad-Hoc|iPhoneSimulator.Build.0 = Release|Any CPU
		{A3D80254-E3AC-4180-AC3A-D0C38A99928A}.AppStore|Any CPU.ActiveCfg = Release|Any CPU
		{A3D80254-E3AC-4180-AC3A-D0C38A99928A}.AppStore|Any CPU.Build.0 = Release|Any CPU
		{A3D80254-E3AC-4180-AC3A-D0C38A99928A}.AppStore|iPhone.ActiveCfg = Release|Any CPU
		{A3D80254-E3AC-4180-AC3A-D0C38A99928A}.AppStore|iPhone.Build.0 = Release|Any CPU
		{A3D80254-E3AC-4180-AC3A-D0C38A99928A}.AppStore|iPhoneSimulator.ActiveCfg = Release|Any CPU
		{A3D80254-E3AC-4180-AC3A-D0C38A99928A}.AppStore|iPhoneSimulator.Build.0 = Release|Any CPU
		{A3D80254-E3AC-4180-AC3A-D0C38A99928A}.Debug|Any CPU.ActiveCfg = Debug|Any CPU
		{A3D80254-E3AC-4180-AC3A-D0C38A99928A}.Debug|Any CPU.Build.0 = Debug|Any CPU
		{A3D80254-E3AC-4180-AC3A-D0C38A99928A}.Debug|iPhone.ActiveCfg = Debug|Any CPU
		{A3D80254-E3AC-4180-AC3A-D0C38A99928A}.Debug|iPhone.Build.0 = Debug|Any CPU
		{A3D80254-E3AC-4180-AC3A-D0C38A99928A}.Debug|iPhoneSimulator.ActiveCfg = Debug|Any CPU
		{A3D80254-E3AC-4180-AC3A-D0C38A99928A}.Debug|iPhoneSimulator.Build.0 = Debug|Any CPU
		{A3D80254-E3AC-4180-AC3A-D0C38A99928A}.Release|Any CPU.ActiveCfg = Release|Any CPU
		{A3D80254-E3AC-4180-AC3A-D0C38A99928A}.Release|Any CPU.Build.0 = Release|Any CPU
		{A3D80254-E3AC-4180-AC3A-D0C38A99928A}.Release|iPhone.ActiveCfg = Release|Any CPU
		{A3D80254-E3AC-4180-AC3A-D0C38A99928A}.Release|iPhone.Build.0 = Release|Any CPU
		{A3D80254-E3AC-4180-AC3A-D0C38A99928A}.Release|iPhoneSimulator.ActiveCfg = Release|Any CPU
		{A3D80254-E3AC-4180-AC3A-D0C38A99928A}.Release|iPhoneSimulator.Build.0 = Release|Any CPU
	EndGlobalSection
	GlobalSection(SolutionProperties) = preSolution
		HideSolutionNode = FALSE
	EndGlobalSection
	GlobalSection(ExtensibilityGlobals) = postSolution
		SolutionGuid = {72B00D56-3B8B-4A4E-97F3-0B9C5C143284}
	EndGlobalSection
EndGlobal
